
Microsoft Visual Studio Solution File, Format Version 12.00
# Visual Studio Version 17
VisualStudioVersion = 17.0.31903.59
MinimumVisualStudioVersion = 10.0.40219.1
Project("{9A19103F-16F7-4668-BE54-9A1E7A4F7556}") = "Squeel.Generators.Postgres", "Postgres\Squeel.Generators.Postgres\Squeel.Generators.Postgres.csproj", "{D18F83AB-3D47-4FC3-B8E0-2A95F2D11052}"
EndProject
Project("{2150E333-8FDC-42A3-9474-1A3956D46DE8}") = ".build", ".build", "{DDECC2EE-1BF3-4516-A825-03A131ED8A17}"
	ProjectSection(SolutionItems) = preProject
		.editorconfig = .editorconfig
		.gitattributes = .gitattributes
		.gitignore = .gitignore
		Directory.Build.props = Directory.Build.props
		Directory.Build.targets = Directory.Build.targets
		Directory.Packages.props = Directory.Packages.props
		global.json = global.json
		nuget.config = nuget.config
		version.json = version.json
	EndProjectSection
EndProject
Project("{9A19103F-16F7-4668-BE54-9A1E7A4F7556}") = "Squeel.Tests.Postgres", "Postgres\Squeel.Tests.Postgres\Squeel.Tests.Postgres.csproj", "{307FDCAB-7F65-4B85-B9A1-3C5A757A2F4B}"
EndProject
Project("{2150E333-8FDC-42A3-9474-1A3956D46DE8}") = ".github", ".github", "{2CC432A1-728C-45B0-90C2-BAFC4B1A8030}"
EndProject
Project("{2150E333-8FDC-42A3-9474-1A3956D46DE8}") = "workflows", "workflows", "{5F7647A3-D9AA-4035-8F90-636606032FF5}"
	ProjectSection(SolutionItems) = preProject
		.github\workflows\deploy.yml = .github\workflows\deploy.yml
	EndProjectSection
EndProject
Project("{9A19103F-16F7-4668-BE54-9A1E7A4F7556}") = "Squeel.Package", "Squeel.Package\Squeel.Package.csproj", "{39D871C3-64CC-454F-8844-4EB5669256F9}"
EndProject
Project("{9A19103F-16F7-4668-BE54-9A1E7A4F7556}") = "Squeel.Core", "Squeel.Core\Squeel.Core.csproj", "{FDCD775E-518F-4197-9F8E-5A7528413872}"
EndProject
Project("{9A19103F-16F7-4668-BE54-9A1E7A4F7556}") = "Squeel.Postgres.Examples", "Postgres\Squeel.Examples.Postgres\Squeel.Examples.Postgres.csproj", "{EC906AD6-B71A-4DF9-AB56-0FCEABEFC1B0}"
	ProjectSection(ProjectDependencies) = postProject
		{39D871C3-64CC-454F-8844-4EB5669256F9} = {39D871C3-64CC-454F-8844-4EB5669256F9}
	EndProjectSection
EndProject
Project("{9A19103F-16F7-4668-BE54-9A1E7A4F7556}") = "Squeel.Generators.SqlServer", "SQLServer\Squeel.Generators.SqlServer\Squeel.Generators.SqlServer.csproj", "{A394769A-807E-4006-AD0D-B779CDEC3838}"
EndProject
Project("{9A19103F-16F7-4668-BE54-9A1E7A4F7556}") = "Squeel.Generators.MySql", "MySQL\Squeel.Generators.MySql\Squeel.Generators.MySql.csproj", "{80C6B410-98BD-4B1B-9884-F0063F456317}"
EndProject
Project("{2150E333-8FDC-42A3-9474-1A3956D46DE8}") = "Postgres", "Postgres", "{EFA86904-7632-44ED-BA8E-70F0AA5A3065}"
EndProject
Project("{2150E333-8FDC-42A3-9474-1A3956D46DE8}") = "SQL Server", "SQL Server", "{4CB8435D-B78C-4A30-A466-E893F7101775}"
EndProject
Project("{2150E333-8FDC-42A3-9474-1A3956D46DE8}") = "MySQL", "MySQL", "{E9B4E324-65D8-4941-B727-F6E20B2E382E}"
EndProject
Global
	GlobalSection(SolutionConfigurationPlatforms) = preSolution
		Debug|Any CPU = Debug|Any CPU
		Release|Any CPU = Release|Any CPU
	EndGlobalSection
	GlobalSection(ProjectConfigurationPlatforms) = postSolution
		{D18F83AB-3D47-4FC3-B8E0-2A95F2D11052}.Debug|Any CPU.ActiveCfg = Debug|Any CPU
		{D18F83AB-3D47-4FC3-B8E0-2A95F2D11052}.Debug|Any CPU.Build.0 = Debug|Any CPU
		{D18F83AB-3D47-4FC3-B8E0-2A95F2D11052}.Release|Any CPU.ActiveCfg = Release|Any CPU
		{D18F83AB-3D47-4FC3-B8E0-2A95F2D11052}.Release|Any CPU.Build.0 = Release|Any CPU
		{307FDCAB-7F65-4B85-B9A1-3C5A757A2F4B}.Debug|Any CPU.ActiveCfg = Debug|Any CPU
		{307FDCAB-7F65-4B85-B9A1-3C5A757A2F4B}.Debug|Any CPU.Build.0 = Debug|Any CPU
		{307FDCAB-7F65-4B85-B9A1-3C5A757A2F4B}.Release|Any CPU.ActiveCfg = Release|Any CPU
		{307FDCAB-7F65-4B85-B9A1-3C5A757A2F4B}.Release|Any CPU.Build.0 = Release|Any CPU
		{39D871C3-64CC-454F-8844-4EB5669256F9}.Debug|Any CPU.ActiveCfg = Debug|Any CPU
		{39D871C3-64CC-454F-8844-4EB5669256F9}.Debug|Any CPU.Build.0 = Debug|Any CPU
		{39D871C3-64CC-454F-8844-4EB5669256F9}.Release|Any CPU.ActiveCfg = Release|Any CPU
		{39D871C3-64CC-454F-8844-4EB5669256F9}.Release|Any CPU.Build.0 = Release|Any CPU
		{FDCD775E-518F-4197-9F8E-5A7528413872}.Debug|Any CPU.ActiveCfg = Debug|Any CPU
		{FDCD775E-518F-4197-9F8E-5A7528413872}.Debug|Any CPU.Build.0 = Debug|Any CPU
		{FDCD775E-518F-4197-9F8E-5A7528413872}.Release|Any CPU.ActiveCfg = Release|Any CPU
		{FDCD775E-518F-4197-9F8E-5A7528413872}.Release|Any CPU.Build.0 = Release|Any CPU
		{EC906AD6-B71A-4DF9-AB56-0FCEABEFC1B0}.Debug|Any CPU.ActiveCfg = Debug|Any CPU
		{EC906AD6-B71A-4DF9-AB56-0FCEABEFC1B0}.Debug|Any CPU.Build.0 = Debug|Any CPU
		{EC906AD6-B71A-4DF9-AB56-0FCEABEFC1B0}.Release|Any CPU.ActiveCfg = Release|Any CPU
		{EC906AD6-B71A-4DF9-AB56-0FCEABEFC1B0}.Release|Any CPU.Build.0 = Release|Any CPU
		{A394769A-807E-4006-AD0D-B779CDEC3838}.Debug|Any CPU.ActiveCfg = Debug|Any CPU
		{A394769A-807E-4006-AD0D-B779CDEC3838}.Debug|Any CPU.Build.0 = Debug|Any CPU
		{A394769A-807E-4006-AD0D-B779CDEC3838}.Release|Any CPU.ActiveCfg = Release|Any CPU
		{A394769A-807E-4006-AD0D-B779CDEC3838}.Release|Any CPU.Build.0 = Release|Any CPU
		{80C6B410-98BD-4B1B-9884-F0063F456317}.Debug|Any CPU.ActiveCfg = Debug|Any CPU
		{80C6B410-98BD-4B1B-9884-F0063F456317}.Debug|Any CPU.Build.0 = Debug|Any CPU
		{80C6B410-98BD-4B1B-9884-F0063F456317}.Release|Any CPU.ActiveCfg = Release|Any CPU
		{80C6B410-98BD-4B1B-9884-F0063F456317}.Release|Any CPU.Build.0 = Release|Any CPU
	EndGlobalSection
	GlobalSection(SolutionProperties) = preSolution
		HideSolutionNode = FALSE
	EndGlobalSection
	GlobalSection(NestedProjects) = preSolution
		{D18F83AB-3D47-4FC3-B8E0-2A95F2D11052} = {EFA86904-7632-44ED-BA8E-70F0AA5A3065}
		{307FDCAB-7F65-4B85-B9A1-3C5A757A2F4B} = {EFA86904-7632-44ED-BA8E-70F0AA5A3065}
		{5F7647A3-D9AA-4035-8F90-636606032FF5} = {2CC432A1-728C-45B0-90C2-BAFC4B1A8030}
		{EC906AD6-B71A-4DF9-AB56-0FCEABEFC1B0} = {EFA86904-7632-44ED-BA8E-70F0AA5A3065}
		{A394769A-807E-4006-AD0D-B779CDEC3838} = {4CB8435D-B78C-4A30-A466-E893F7101775}
		{80C6B410-98BD-4B1B-9884-F0063F456317} = {E9B4E324-65D8-4941-B727-F6E20B2E382E}
	EndGlobalSection
	GlobalSection(ExtensibilityGlobals) = postSolution
		SolutionGuid = {237A4B68-1554-4472-B432-18ACD1076466}
	EndGlobalSection
EndGlobal
