
Microsoft Visual Studio Solution File, Format Version 12.00
# Visual Studio Version 17
VisualStudioVersion = 17.0.31903.59
MinimumVisualStudioVersion = 10.0.40219.1
Project("{2150E333-8FDC-42A3-9474-1A3956D46DE8}") = "src", "src", "{94B637DC-2527-4CDD-A581-77703A39CBD9}"
EndProject
Project("{9A19103F-16F7-4668-BE54-9A1E7A4F7556}") = "generators", "src\generators\generators.csproj", "{D18F83AB-3D47-4FC3-B8E0-2A95F2D11052}"
EndProject
Project("{2150E333-8FDC-42A3-9474-1A3956D46DE8}") = ".build", ".build", "{DDECC2EE-1BF3-4516-A825-03A131ED8A17}"
	ProjectSection(SolutionItems) = preProject
		.editorconfig = .editorconfig
		.gitattributes = .gitattributes
		.gitignore = .gitignore
		Directory.Build.props = Directory.Build.props
		Directory.Build.targets = Directory.Build.targets
		Directory.Packages.props = Directory.Packages.props
		global.json = global.json
		nuget.config = nuget.config
		version.json = version.json
	EndProjectSection
EndProject
Project("{2150E333-8FDC-42A3-9474-1A3956D46DE8}") = "tests", "tests", "{EEDA37F2-B464-40AC-A264-B4A231E4D3BE}"
EndProject
Project("{9A19103F-16F7-4668-BE54-9A1E7A4F7556}") = "postgres", "tests\postgres\postgres.csproj", "{307FDCAB-7F65-4B85-B9A1-3C5A757A2F4B}"
EndProject
Project("{2150E333-8FDC-42A3-9474-1A3956D46DE8}") = ".github", ".github", "{2CC432A1-728C-45B0-90C2-BAFC4B1A8030}"
EndProject
Project("{2150E333-8FDC-42A3-9474-1A3956D46DE8}") = "workflows", "workflows", "{5F7647A3-D9AA-4035-8F90-636606032FF5}"
	ProjectSection(SolutionItems) = preProject
		.github\workflows\deploy.yml = .github\workflows\deploy.yml
	EndProjectSection
EndProject
Project("{9A19103F-16F7-4668-BE54-9A1E7A4F7556}") = "tasks", "src\tasks\tasks.csproj", "{CDC4AA3F-0E42-4E9C-A679-2F8CB6D2135B}"
EndProject
Project("{9A19103F-16F7-4668-BE54-9A1E7A4F7556}") = "package", "src\package\package.csproj", "{39D871C3-64CC-454F-8844-4EB5669256F9}"
EndProject
Project("{FAE04EC0-301F-11D3-BF4B-00C04F79EFBC}") = "analyzers", "src\analyzers\analyzers.csproj", "{2F8D1203-6300-40AF-A2EB-8ECEFA132E58}"
EndProject
Project("{FAE04EC0-301F-11D3-BF4B-00C04F79EFBC}") = "diagnostics", "src\diagnostics\diagnostics.csproj", "{FDCD775E-518F-4197-9F8E-5A7528413872}"
EndProject
Global
	GlobalSection(SolutionConfigurationPlatforms) = preSolution
		Debug|Any CPU = Debug|Any CPU
		Release|Any CPU = Release|Any CPU
	EndGlobalSection
	GlobalSection(ProjectConfigurationPlatforms) = postSolution
		{D18F83AB-3D47-4FC3-B8E0-2A95F2D11052}.Debug|Any CPU.ActiveCfg = Debug|Any CPU
		{D18F83AB-3D47-4FC3-B8E0-2A95F2D11052}.Debug|Any CPU.Build.0 = Debug|Any CPU
		{D18F83AB-3D47-4FC3-B8E0-2A95F2D11052}.Release|Any CPU.ActiveCfg = Release|Any CPU
		{D18F83AB-3D47-4FC3-B8E0-2A95F2D11052}.Release|Any CPU.Build.0 = Release|Any CPU
		{307FDCAB-7F65-4B85-B9A1-3C5A757A2F4B}.Debug|Any CPU.ActiveCfg = Debug|Any CPU
		{307FDCAB-7F65-4B85-B9A1-3C5A757A2F4B}.Debug|Any CPU.Build.0 = Debug|Any CPU
		{307FDCAB-7F65-4B85-B9A1-3C5A757A2F4B}.Release|Any CPU.ActiveCfg = Release|Any CPU
		{307FDCAB-7F65-4B85-B9A1-3C5A757A2F4B}.Release|Any CPU.Build.0 = Release|Any CPU
		{CDC4AA3F-0E42-4E9C-A679-2F8CB6D2135B}.Debug|Any CPU.ActiveCfg = Debug|Any CPU
		{CDC4AA3F-0E42-4E9C-A679-2F8CB6D2135B}.Debug|Any CPU.Build.0 = Debug|Any CPU
		{CDC4AA3F-0E42-4E9C-A679-2F8CB6D2135B}.Release|Any CPU.ActiveCfg = Release|Any CPU
		{CDC4AA3F-0E42-4E9C-A679-2F8CB6D2135B}.Release|Any CPU.Build.0 = Release|Any CPU
		{39D871C3-64CC-454F-8844-4EB5669256F9}.Debug|Any CPU.ActiveCfg = Debug|Any CPU
		{39D871C3-64CC-454F-8844-4EB5669256F9}.Debug|Any CPU.Build.0 = Debug|Any CPU
		{39D871C3-64CC-454F-8844-4EB5669256F9}.Release|Any CPU.ActiveCfg = Release|Any CPU
		{39D871C3-64CC-454F-8844-4EB5669256F9}.Release|Any CPU.Build.0 = Release|Any CPU
		{2F8D1203-6300-40AF-A2EB-8ECEFA132E58}.Debug|Any CPU.ActiveCfg = Debug|Any CPU
		{2F8D1203-6300-40AF-A2EB-8ECEFA132E58}.Debug|Any CPU.Build.0 = Debug|Any CPU
		{2F8D1203-6300-40AF-A2EB-8ECEFA132E58}.Release|Any CPU.ActiveCfg = Release|Any CPU
		{2F8D1203-6300-40AF-A2EB-8ECEFA132E58}.Release|Any CPU.Build.0 = Release|Any CPU
		{FDCD775E-518F-4197-9F8E-5A7528413872}.Debug|Any CPU.ActiveCfg = Debug|Any CPU
		{FDCD775E-518F-4197-9F8E-5A7528413872}.Debug|Any CPU.Build.0 = Debug|Any CPU
		{FDCD775E-518F-4197-9F8E-5A7528413872}.Release|Any CPU.ActiveCfg = Release|Any CPU
		{FDCD775E-518F-4197-9F8E-5A7528413872}.Release|Any CPU.Build.0 = Release|Any CPU
	EndGlobalSection
	GlobalSection(SolutionProperties) = preSolution
		HideSolutionNode = FALSE
	EndGlobalSection
	GlobalSection(NestedProjects) = preSolution
		{D18F83AB-3D47-4FC3-B8E0-2A95F2D11052} = {94B637DC-2527-4CDD-A581-77703A39CBD9}
		{307FDCAB-7F65-4B85-B9A1-3C5A757A2F4B} = {EEDA37F2-B464-40AC-A264-B4A231E4D3BE}
		{5F7647A3-D9AA-4035-8F90-636606032FF5} = {2CC432A1-728C-45B0-90C2-BAFC4B1A8030}
		{CDC4AA3F-0E42-4E9C-A679-2F8CB6D2135B} = {94B637DC-2527-4CDD-A581-77703A39CBD9}
		{39D871C3-64CC-454F-8844-4EB5669256F9} = {94B637DC-2527-4CDD-A581-77703A39CBD9}
		{2F8D1203-6300-40AF-A2EB-8ECEFA132E58} = {94B637DC-2527-4CDD-A581-77703A39CBD9}
		{FDCD775E-518F-4197-9F8E-5A7528413872} = {94B637DC-2527-4CDD-A581-77703A39CBD9}
	EndGlobalSection
	GlobalSection(ExtensibilityGlobals) = postSolution
		SolutionGuid = {237A4B68-1554-4472-B432-18ACD1076466}
	EndGlobalSection
EndGlobal
